
Microsoft Visual Studio Solution File, Format Version 12.00
# Visual Studio 14
VisualStudioVersion = 14.0.25420.1
MinimumVisualStudioVersion = 10.0.40219.1
Project("{FAE04EC0-301F-11D3-BF4B-00C04F79EFBC}") = "ClientCredentialGrant", "ClientCredentialGrant\ClientCredentialGrant.csproj", "{0842D0D1-DEA3-4289-A9A6-B7613D63AAB6}"
EndProject
Project("{FAE04EC0-301F-11D3-BF4B-00C04F79EFBC}") = "AuthorizationCodeGrant", "AuthorizationCodeGrant\AuthorizationCodeGrant.csproj", "{AE4B24BC-76D0-4407-9213-8006025C06CC}"
EndProject
Project("{2150E333-8FDC-42A3-9474-1A3956D46DE8}") = "Clients", "Clients", "{78DA91C3-6280-4F80-9DE8-6F639224B85A}"
EndProject
Project("{FAE04EC0-301F-11D3-BF4B-00C04F79EFBC}") = "ResourceOwnerPasswordCredentialGrant", "ResourceOwnerPasswordCredentialGrant\ResourceOwnerPasswordCredentialGrant.csproj", "{1CA98868-95B9-49F8-9EA4-8EE80659B311}"
EndProject
Project("{FAE04EC0-301F-11D3-BF4B-00C04F79EFBC}") = "PaymixSDK", "NeropaySDK\PaymixSDK.csproj", "{19AC0F81-84D2-4412-885B-5C68DA2BFC3D}"
EndProject
Global
	GlobalSection(SolutionConfigurationPlatforms) = preSolution
		Debug|Any CPU = Debug|Any CPU
		Release|Any CPU = Release|Any CPU
	EndGlobalSection
	GlobalSection(ProjectConfigurationPlatforms) = postSolution
		{0842D0D1-DEA3-4289-A9A6-B7613D63AAB6}.Debug|Any CPU.ActiveCfg = Debug|Any CPU
		{0842D0D1-DEA3-4289-A9A6-B7613D63AAB6}.Debug|Any CPU.Build.0 = Debug|Any CPU
		{0842D0D1-DEA3-4289-A9A6-B7613D63AAB6}.Release|Any CPU.ActiveCfg = Release|Any CPU
		{0842D0D1-DEA3-4289-A9A6-B7613D63AAB6}.Release|Any CPU.Build.0 = Release|Any CPU
		{AE4B24BC-76D0-4407-9213-8006025C06CC}.Debug|Any CPU.ActiveCfg = Debug|Any CPU
		{AE4B24BC-76D0-4407-9213-8006025C06CC}.Debug|Any CPU.Build.0 = Debug|Any CPU
		{AE4B24BC-76D0-4407-9213-8006025C06CC}.Release|Any CPU.ActiveCfg = Release|Any CPU
		{AE4B24BC-76D0-4407-9213-8006025C06CC}.Release|Any CPU.Build.0 = Release|Any CPU
		{1CA98868-95B9-49F8-9EA4-8EE80659B311}.Debug|Any CPU.ActiveCfg = Debug|Any CPU
		{1CA98868-95B9-49F8-9EA4-8EE80659B311}.Debug|Any CPU.Build.0 = Debug|Any CPU
		{1CA98868-95B9-49F8-9EA4-8EE80659B311}.Release|Any CPU.ActiveCfg = Release|Any CPU
		{1CA98868-95B9-49F8-9EA4-8EE80659B311}.Release|Any CPU.Build.0 = Release|Any CPU
		{19AC0F81-84D2-4412-885B-5C68DA2BFC3D}.Debug|Any CPU.ActiveCfg = Debug|Any CPU
		{19AC0F81-84D2-4412-885B-5C68DA2BFC3D}.Debug|Any CPU.Build.0 = Debug|Any CPU
		{19AC0F81-84D2-4412-885B-5C68DA2BFC3D}.Release|Any CPU.ActiveCfg = Release|Any CPU
		{19AC0F81-84D2-4412-885B-5C68DA2BFC3D}.Release|Any CPU.Build.0 = Release|Any CPU
	EndGlobalSection
	GlobalSection(SolutionProperties) = preSolution
		HideSolutionNode = FALSE
	EndGlobalSection
	GlobalSection(NestedProjects) = preSolution
		{0842D0D1-DEA3-4289-A9A6-B7613D63AAB6} = {78DA91C3-6280-4F80-9DE8-6F639224B85A}
		{AE4B24BC-76D0-4407-9213-8006025C06CC} = {78DA91C3-6280-4F80-9DE8-6F639224B85A}
		{1CA98868-95B9-49F8-9EA4-8EE80659B311} = {78DA91C3-6280-4F80-9DE8-6F639224B85A}
		{19AC0F81-84D2-4412-885B-5C68DA2BFC3D} = {78DA91C3-6280-4F80-9DE8-6F639224B85A}
	EndGlobalSection
EndGlobal
